
Microsoft Visual Studio Solution File, Format Version 12.00
# Visual Studio Version 17
VisualStudioVersion = 17.0.32014.148
MinimumVisualStudioVersion = 10.0.40219.1
Project("{9A19103F-16F7-4668-BE54-9A1E7A4F7556}") = "BlendoBot.Module.RemindMe", "BlendoBot.Module.RemindMe\BlendoBot.Module.RemindMe.csproj", "{06BA8C00-2FB8-4BB4-B248-804B86A19791}"
EndProject
Project("{2150E333-8FDC-42A3-9474-1A3956D46DE8}") = "Other Files", "Other Files", "{75F4EEF5-D256-4189-9E97-96F327305583}"
	ProjectSection(SolutionItems) = preProject
		.gitignore = .gitignore
		.github\workflows\autotag.yml = .github\workflows\autotag.yml
		NuGet.config = NuGet.config
		.github\workflows\publish.yml = .github\workflows\publish.yml
		README.md = README.md
		.github\workflows\test.yml = .github\workflows\test.yml
	EndProjectSection
EndProject
Project("{FAE04EC0-301F-11D3-BF4B-00C04F79EFBC}") = "BlendoBot.Module.RemindMe.Tests", "BlendoBot.Module.RemindMe.Tests\BlendoBot.Module.RemindMe.Tests.csproj", "{83901833-8E3A-408A-B0FD-A3A6AC32F8D9}"
EndProject
Global
	GlobalSection(SolutionConfigurationPlatforms) = preSolution
		Debug|Any CPU = Debug|Any CPU
		Release|Any CPU = Release|Any CPU
	EndGlobalSection
	GlobalSection(ProjectConfigurationPlatforms) = postSolution
		{06BA8C00-2FB8-4BB4-B248-804B86A19791}.Debug|Any CPU.ActiveCfg = Debug|Any CPU
		{06BA8C00-2FB8-4BB4-B248-804B86A19791}.Debug|Any CPU.Build.0 = Debug|Any CPU
		{06BA8C00-2FB8-4BB4-B248-804B86A19791}.Release|Any CPU.ActiveCfg = Release|Any CPU
		{06BA8C00-2FB8-4BB4-B248-804B86A19791}.Release|Any CPU.Build.0 = Release|Any CPU
		{83901833-8E3A-408A-B0FD-A3A6AC32F8D9}.Debug|Any CPU.ActiveCfg = Debug|Any CPU
		{83901833-8E3A-408A-B0FD-A3A6AC32F8D9}.Debug|Any CPU.Build.0 = Debug|Any CPU
		{83901833-8E3A-408A-B0FD-A3A6AC32F8D9}.Release|Any CPU.ActiveCfg = Release|Any CPU
		{83901833-8E3A-408A-B0FD-A3A6AC32F8D9}.Release|Any CPU.Build.0 = Release|Any CPU
	EndGlobalSection
	GlobalSection(SolutionProperties) = preSolution
		HideSolutionNode = FALSE
	EndGlobalSection
	GlobalSection(ExtensibilityGlobals) = postSolution
		SolutionGuid = {6578063A-1486-4525-B9A7-90A4C7323729}
	EndGlobalSection
EndGlobal
